# @generated - this file is auto-generated by `mise lock` https://mise.en.dev/dev-tools/mise-lock.html

[[tools.codeql]]
version = "2.25.4"
backend = "github:github/codeql-cli-binaries"

[tools.codeql."platforms.linux-arm64"]
checksum = "sha256:d585e31776327b97039427f04bd9ed322f8abb216e59b5ee7ad33076b3b28055"
url = "https://github.com/github/codeql-cli-binaries/releases/download/v2.25.4/codeql-linux64.zip"
url_api = "https://api.github.com/repos/github/codeql-cli-binaries/releases/assets/412594884"
provenance = "github-attestations"

[tools.codeql."platforms.linux-arm64-musl"]
checksum = "sha256:d585e31776327b97039427f04bd9ed322f8abb216e59b5ee7ad33076b3b28055"
url = "https://github.com/github/codeql-cli-binaries/releases/download/v2.25.4/codeql-linux64.zip"
url_api = "https://api.github.com/repos/github/codeql-cli-binaries/releases/assets/412594884"
provenance = "github-attestations"

[tools.codeql."platforms.linux-x64"]
checksum = "sha256:d585e31776327b97039427f04bd9ed322f8abb216e59b5ee7ad33076b3b28055"
url = "https://github.com/github/codeql-cli-binaries/releases/download/v2.25.4/codeql-linux64.zip"
url_api = "https://api.github.com/repos/github/codeql-cli-binaries/releases/assets/412594884"
provenance = "github-attestations"

[tools.codeql."platforms.linux-x64-musl"]
checksum = "sha256:d585e31776327b97039427f04bd9ed322f8abb216e59b5ee7ad33076b3b28055"
url = "https://github.com/github/codeql-cli-binaries/releases/download/v2.25.4/codeql-linux64.zip"
url_api = "https://api.github.com/repos/github/codeql-cli-binaries/releases/assets/412594884"
provenance = "github-attestations"

[tools.codeql."platforms.macos-arm64"]
checksum = "sha256:5a22bcb01b49fe5ad5546fdc5cac46963a0857e2f00d93e5eeeed46edd92614e"
url = "https://github.com/github/codeql-cli-binaries/releases/download/v2.25.4/codeql-osx64.zip"
url_api = "https://api.github.com/repos/github/codeql-cli-binaries/releases/assets/412594887"
provenance = "github-attestations"

[tools.codeql."platforms.macos-x64"]
checksum = "sha256:5a22bcb01b49fe5ad5546fdc5cac46963a0857e2f00d93e5eeeed46edd92614e"
url = "https://github.com/github/codeql-cli-binaries/releases/download/v2.25.4/codeql-osx64.zip"
url_api = "https://api.github.com/repos/github/codeql-cli-binaries/releases/assets/412594887"
provenance = "github-attestations"

[tools.codeql."platforms.windows-x64"]
checksum = "sha256:ef67924dcca5674d3326ee304c2fd4c97762c94eef9e0a96a807dcb45b8bbf3f"
url = "https://github.com/github/codeql-cli-binaries/releases/download/v2.25.4/codeql-win64.zip"
url_api = "https://api.github.com/repos/github/codeql-cli-binaries/releases/assets/412594886"
provenance = "github-attestations"

[[tools.grype]]
version = "0.112.0"
backend = "aqua:anchore/grype"

[tools.grype."platforms.linux-arm64"]
checksum = "sha256:7fdeccf065965cc59386c656e5fcc1eb1bdf820e2433000bca7f010b8e6da155"
url = "https://github.com/anchore/grype/releases/download/v0.112.0/grype_0.112.0_linux_arm64.tar.gz"

[tools.grype."platforms.linux-arm64-musl"]
checksum = "sha256:7fdeccf065965cc59386c656e5fcc1eb1bdf820e2433000bca7f010b8e6da155"
url = "https://github.com/anchore/grype/releases/download/v0.112.0/grype_0.112.0_linux_arm64.tar.gz"

[tools.grype."platforms.linux-x64"]
checksum = "sha256:acb14a030010fe9bdb9594b4ae108d9d14ef2f926d936aa0916dc62c89c058ea"
url = "https://github.com/anchore/grype/releases/download/v0.112.0/grype_0.112.0_linux_amd64.tar.gz"

[tools.grype."platforms.linux-x64-musl"]
checksum = "sha256:acb14a030010fe9bdb9594b4ae108d9d14ef2f926d936aa0916dc62c89c058ea"
url = "https://github.com/anchore/grype/releases/download/v0.112.0/grype_0.112.0_linux_amd64.tar.gz"

[tools.grype."platforms.macos-arm64"]
checksum = "sha256:58c3c372e334c27e5bd5031cfb5ae85dbe5e782478d52fb5515ea413b6d47da4"
url = "https://github.com/anchore/grype/releases/download/v0.112.0/grype_0.112.0_darwin_arm64.tar.gz"

[tools.grype."platforms.macos-x64"]
checksum = "sha256:2fd7862e20ba43589b84919f05a5e6dd3a5b12d3860aed467bc4dc427926f6eb"
url = "https://github.com/anchore/grype/releases/download/v0.112.0/grype_0.112.0_darwin_amd64.tar.gz"

[tools.grype."platforms.windows-x64"]
checksum = "sha256:94ae49ced125fca7590fd35dfa96e36f68760cefff9a653c92fa8f6842777879"
url = "https://github.com/anchore/grype/releases/download/v0.112.0/grype_0.112.0_windows_amd64.zip"

[[tools.node]]
version = "24.13.0"
backend = "core:node"

[tools.node."platforms.linux-arm64"]
checksum = "sha256:0f6d40b94c6a2eb6b4c240ffc8b9fd3ada7ab044c177dd413c06e1ef9a63f081"
url = "https://nodejs.org/dist/v24.13.0/node-v24.13.0-linux-arm64.tar.gz"

[tools.node."platforms.linux-arm64-musl"]
url = "https://unofficial-builds.nodejs.org/download/release/v24.13.0/node-v24.13.0-linux-arm64-musl.tar.gz"

[tools.node."platforms.linux-x64"]
checksum = "sha256:6223aad1a81f9d1e7b682c59d12e2de233f7b4c37475cd40d1c89c42b737ffa8"
url = "https://nodejs.org/dist/v24.13.0/node-v24.13.0-linux-x64.tar.gz"

[tools.node."platforms.linux-x64-musl"]
url = "https://unofficial-builds.nodejs.org/download/release/v24.13.0/node-v24.13.0-linux-x64-musl.tar.gz"

[tools.node."platforms.macos-arm64"]
checksum = "sha256:d595961e563fcae057d4a0fb992f175a54d97fcc4a14dc2d474d92ddeea3b9f8"
url = "https://nodejs.org/dist/v24.13.0/node-v24.13.0-darwin-arm64.tar.gz"

[tools.node."platforms.macos-x64"]
checksum = "sha256:6f03c1b48ddbe1b129a6f8038be08e0899f05f17185b4d3e4350180ab669a7f3"
url = "https://nodejs.org/dist/v24.13.0/node-v24.13.0-darwin-x64.tar.gz"

[tools.node."platforms.windows-x64"]
checksum = "sha256:ca2742695be8de44027d71b3f53a4bdb36009b95575fe1ae6f7f0b5ce091cb88"
url = "https://nodejs.org/dist/v24.13.0/node-v24.13.0-win-x64.zip"

[[tools.osv-scanner]]
version = "2.3.1"
backend = "aqua:google/osv-scanner"

[tools.osv-scanner."platforms.linux-arm64"]
checksum = "sha256:27019b6cabd3cff0ce45066cff68763babf2dff66b2167c6f8c1e62ac8c6bf66"
url = "https://github.com/google/osv-scanner/releases/download/v2.3.1/osv-scanner_linux_arm64"

[tools.osv-scanner."platforms.linux-arm64".provenance.slsa]
url = "https://github.com/google/osv-scanner/releases/download/v2.3.1/multiple.intoto.jsonl"

[tools.osv-scanner."platforms.linux-arm64-musl"]
checksum = "sha256:27019b6cabd3cff0ce45066cff68763babf2dff66b2167c6f8c1e62ac8c6bf66"
url = "https://github.com/google/osv-scanner/releases/download/v2.3.1/osv-scanner_linux_arm64"

[tools.osv-scanner."platforms.linux-arm64-musl".provenance.slsa]
url = "https://github.com/google/osv-scanner/releases/download/v2.3.1/multiple.intoto.jsonl"

[tools.osv-scanner."platforms.linux-x64"]
checksum = "sha256:5bcd2d73fea96f58cb5aaf92d15907b1db53e009bc75d67b9ac965dba7c6ba54"
url = "https://github.com/google/osv-scanner/releases/download/v2.3.1/osv-scanner_linux_amd64"

[tools.osv-scanner."platforms.linux-x64-musl"]
checksum = "sha256:5bcd2d73fea96f58cb5aaf92d15907b1db53e009bc75d67b9ac965dba7c6ba54"
url = "https://github.com/google/osv-scanner/releases/download/v2.3.1/osv-scanner_linux_amd64"

[tools.osv-scanner."platforms.linux-x64-musl".provenance.slsa]
url = "https://github.com/google/osv-scanner/releases/download/v2.3.1/multiple.intoto.jsonl"

[tools.osv-scanner."platforms.macos-arm64"]
checksum = "sha256:776c1f29c38f3b179259a6b8363efe2f254fbdacb17d6da2c217acda4b5d09e4"
url = "https://github.com/google/osv-scanner/releases/download/v2.3.1/osv-scanner_darwin_arm64"

[tools.osv-scanner."platforms.macos-arm64".provenance.slsa]
url = "https://github.com/google/osv-scanner/releases/download/v2.3.1/multiple.intoto.jsonl"

[tools.osv-scanner."platforms.macos-x64"]
checksum = "sha256:baa76106c2e5c72f7c34dab13a6162cec1ea5ac4b0a5726c0c2e9afa32e611ee"
url = "https://github.com/google/osv-scanner/releases/download/v2.3.1/osv-scanner_darwin_amd64"

[tools.osv-scanner."platforms.macos-x64".provenance.slsa]
url = "https://github.com/google/osv-scanner/releases/download/v2.3.1/multiple.intoto.jsonl"

[tools.osv-scanner."platforms.windows-x64"]
checksum = "sha256:6a35a530be003ae078fbb0e92df0b92889b5a54658e49cf0e03bebe13eac255c"
url = "https://github.com/google/osv-scanner/releases/download/v2.3.1/osv-scanner_windows_amd64.exe"

[tools.osv-scanner."platforms.windows-x64".provenance.slsa]
url = "https://github.com/google/osv-scanner/releases/download/v2.3.1/multiple.intoto.jsonl"

[[tools.pnpm]]
version = "11.0.0"
backend = "aqua:pnpm/pnpm"

[tools.pnpm."platforms.linux-arm64"]
checksum = "sha256:1e6d87ebfd7ff169966ff5b3ad71b780b883c68d3e59987df1096dfd8853df75"
url = "https://github.com/pnpm/pnpm/releases/download/v11.0.0/pnpm-linux-arm64.tar.gz"

[tools.pnpm."platforms.linux-arm64-musl"]
checksum = "sha256:ebd648694f2b7fd675350f0ce1e26b0e7c7165a7f27f2b01616d5bbe9b7d7534"
url = "https://github.com/pnpm/pnpm/releases/download/v11.0.0/pnpm-linux-arm64-musl.tar.gz"

[tools.pnpm."platforms.linux-x64"]
checksum = "sha256:9b44acc77ada40fc41b665fde1d57367a5ebec31bd4b1b00598daed195da3e17"
url = "https://github.com/pnpm/pnpm/releases/download/v11.0.0/pnpm-linux-x64.tar.gz"

[tools.pnpm."platforms.linux-x64-musl"]
checksum = "sha256:b145fa7bb90f2082e8d57ec9b220c34b49c7c35dc65ff4b122c3094356848023"
url = "https://github.com/pnpm/pnpm/releases/download/v11.0.0/pnpm-linux-x64-musl.tar.gz"

[tools.pnpm."platforms.macos-arm64"]
checksum = "sha256:3620a0fcaf81ecd3aaeccd5965919d90dbc913f4d07a96e11e7cafc2c785054b"
url = "https://github.com/pnpm/pnpm/releases/download/v11.0.0/pnpm-darwin-arm64.tar.gz"

[tools.pnpm."platforms.macos-x64"]
checksum = "sha256:1701748b75187f1333a9c616827943ff84ff46cc42becc156ff6864b9bd0f948"
url = "https://github.com/pnpm/pnpm/releases/download/v11.0.0/pnpm-darwin-x64.tar.gz"

[tools.pnpm."platforms.windows-x64"]
checksum = "sha256:581e222e622cd0cc4f0ac5f85dd0db76b65117e3b17507979d89e63fdc68edca"
url = "https://github.com/pnpm/pnpm/releases/download/v11.0.0/pnpm-win32-x64.zip"

[[tools.trivy]]
version = "0.69.3"
backend = "aqua:aquasecurity/trivy"

[tools.trivy."platforms.linux-arm64"]
checksum = "sha256:7e3924a974e912e57b4a99f65ece7931f8079584dae12eb7845024f97087bdfd"
url = "https://github.com/aquasecurity/trivy/releases/download/v0.69.3/trivy_0.69.3_Linux-ARM64.tar.gz"
provenance = "cosign"

[tools.trivy."platforms.linux-arm64-musl"]
checksum = "sha256:7e3924a974e912e57b4a99f65ece7931f8079584dae12eb7845024f97087bdfd"
url = "https://github.com/aquasecurity/trivy/releases/download/v0.69.3/trivy_0.69.3_Linux-ARM64.tar.gz"
provenance = "cosign"

[tools.trivy."platforms.linux-x64"]
checksum = "sha256:1816b632dfe529869c740c0913e36bd1629cb7688bd5634f4a858c1d57c88b75"
url = "https://github.com/aquasecurity/trivy/releases/download/v0.69.3/trivy_0.69.3_Linux-64bit.tar.gz"

[tools.trivy."platforms.linux-x64-musl"]
checksum = "sha256:1816b632dfe529869c740c0913e36bd1629cb7688bd5634f4a858c1d57c88b75"
url = "https://github.com/aquasecurity/trivy/releases/download/v0.69.3/trivy_0.69.3_Linux-64bit.tar.gz"
provenance = "cosign"

[tools.trivy."platforms.macos-arm64"]
checksum = "sha256:a2f2179afd4f8bb265ca3c7aefb56a666bc4a9a411663bc0f22c3549fbc643a5"
url = "https://github.com/aquasecurity/trivy/releases/download/v0.69.3/trivy_0.69.3_macOS-ARM64.tar.gz"
provenance = "cosign"

[tools.trivy."platforms.macos-x64"]
checksum = "sha256:fec4a9f7569b624dd9d044fca019e5da69e032700edbb1d7318972c448ec2f4e"
url = "https://github.com/aquasecurity/trivy/releases/download/v0.69.3/trivy_0.69.3_macOS-64bit.tar.gz"
provenance = "cosign"

[tools.trivy."platforms.windows-x64"]
checksum = "sha256:74362dc711383255308230ecbeb587eb1e4e83a8d332be5b0259afac6e0c2224"
url = "https://github.com/aquasecurity/trivy/releases/download/v0.69.3/trivy_0.69.3_windows-64bit.zip"
provenance = "cosign"
